
Microsoft Visual Studio Solution File, Format Version 12.00
# Visual Studio Version 16
VisualStudioVersion = 16.0.30804.86
MinimumVisualStudioVersion = 10.0.40219.1
Project("{2150E333-8FDC-42A3-9474-1A3956D46DE8}") = "Source", "Source", "{EE8FC7DD-A4B6-42C3-A415-799E1B21BF72}"
EndProject
Project("{9A19103F-16F7-4668-BE54-9A1E7A4F7556}") = "Domain", "Domain\Domain.csproj", "{1196317A-4779-4581-BEBC-A613B64EBEE1}"
EndProject
Project("{2150E333-8FDC-42A3-9474-1A3956D46DE8}") = "Test", "Test", "{252E448D-6ACE-4AF9-BA31-096EE84999F3}"
EndProject
Project("{9A19103F-16F7-4668-BE54-9A1E7A4F7556}") = "DomainTest", "DomainTest\DomainTest.csproj", "{78F52CB4-BBA3-4337-8086-64B9E5EE434E}"
EndProject
Project("{9A19103F-16F7-4668-BE54-9A1E7A4F7556}") = "Services", "Services\Services.csproj", "{BE21E592-82BF-47DA-8557-662B3B7CB638}"
EndProject
Project("{9A19103F-16F7-4668-BE54-9A1E7A4F7556}") = "Data", "Data\Data.csproj", "{BB738FD0-35D2-405C-8792-B1D0FF44B9D3}"
EndProject
Project("{FAE04EC0-301F-11D3-BF4B-00C04F79EFBC}") = "ServicesTest", "ServicesTest\ServicesTest.csproj", "{9AEA2F88-6D6E-4546-A784-A19A7201F986}"
EndProject
Global
	GlobalSection(SolutionConfigurationPlatforms) = preSolution
		Debug|Any CPU = Debug|Any CPU
		Release|Any CPU = Release|Any CPU
	EndGlobalSection
	GlobalSection(ProjectConfigurationPlatforms) = postSolution
		{1196317A-4779-4581-BEBC-A613B64EBEE1}.Debug|Any CPU.ActiveCfg = Debug|Any CPU
		{1196317A-4779-4581-BEBC-A613B64EBEE1}.Debug|Any CPU.Build.0 = Debug|Any CPU
		{1196317A-4779-4581-BEBC-A613B64EBEE1}.Release|Any CPU.ActiveCfg = Release|Any CPU
		{1196317A-4779-4581-BEBC-A613B64EBEE1}.Release|Any CPU.Build.0 = Release|Any CPU
		{78F52CB4-BBA3-4337-8086-64B9E5EE434E}.Debug|Any CPU.ActiveCfg = Debug|Any CPU
		{78F52CB4-BBA3-4337-8086-64B9E5EE434E}.Debug|Any CPU.Build.0 = Debug|Any CPU
		{78F52CB4-BBA3-4337-8086-64B9E5EE434E}.Release|Any CPU.ActiveCfg = Release|Any CPU
		{78F52CB4-BBA3-4337-8086-64B9E5EE434E}.Release|Any CPU.Build.0 = Release|Any CPU
		{BE21E592-82BF-47DA-8557-662B3B7CB638}.Debug|Any CPU.ActiveCfg = Debug|Any CPU
		{BE21E592-82BF-47DA-8557-662B3B7CB638}.Debug|Any CPU.Build.0 = Debug|Any CPU
		{BE21E592-82BF-47DA-8557-662B3B7CB638}.Release|Any CPU.ActiveCfg = Release|Any CPU
		{BE21E592-82BF-47DA-8557-662B3B7CB638}.Release|Any CPU.Build.0 = Release|Any CPU
		{BB738FD0-35D2-405C-8792-B1D0FF44B9D3}.Debug|Any CPU.ActiveCfg = Debug|Any CPU
		{BB738FD0-35D2-405C-8792-B1D0FF44B9D3}.Debug|Any CPU.Build.0 = Debug|Any CPU
		{BB738FD0-35D2-405C-8792-B1D0FF44B9D3}.Release|Any CPU.ActiveCfg = Release|Any CPU
		{BB738FD0-35D2-405C-8792-B1D0FF44B9D3}.Release|Any CPU.Build.0 = Release|Any CPU
		{9AEA2F88-6D6E-4546-A784-A19A7201F986}.Debug|Any CPU.ActiveCfg = Debug|Any CPU
		{9AEA2F88-6D6E-4546-A784-A19A7201F986}.Debug|Any CPU.Build.0 = Debug|Any CPU
		{9AEA2F88-6D6E-4546-A784-A19A7201F986}.Release|Any CPU.ActiveCfg = Release|Any CPU
		{9AEA2F88-6D6E-4546-A784-A19A7201F986}.Release|Any CPU.Build.0 = Release|Any CPU
	EndGlobalSection
	GlobalSection(SolutionProperties) = preSolution
		HideSolutionNode = FALSE
	EndGlobalSection
	GlobalSection(NestedProjects) = preSolution
		{1196317A-4779-4581-BEBC-A613B64EBEE1} = {EE8FC7DD-A4B6-42C3-A415-799E1B21BF72}
		{78F52CB4-BBA3-4337-8086-64B9E5EE434E} = {252E448D-6ACE-4AF9-BA31-096EE84999F3}
		{BE21E592-82BF-47DA-8557-662B3B7CB638} = {EE8FC7DD-A4B6-42C3-A415-799E1B21BF72}
		{BB738FD0-35D2-405C-8792-B1D0FF44B9D3} = {EE8FC7DD-A4B6-42C3-A415-799E1B21BF72}
		{9AEA2F88-6D6E-4546-A784-A19A7201F986} = {252E448D-6ACE-4AF9-BA31-096EE84999F3}
	EndGlobalSection
	GlobalSection(ExtensibilityGlobals) = postSolution
		SolutionGuid = {87FAD021-75EB-4051-BD41-957167AD9F91}
	EndGlobalSection
EndGlobal
